
Microsoft Visual Studio Solution File, Format Version 12.00
# Visual Studio Version 17
VisualStudioVersion = 17.4.33213.308
MinimumVisualStudioVersion = 10.0.40219.1
Project("{FAE04EC0-301F-11D3-BF4B-00C04F79EFBC}") = "CleanArch.Domain", "CleanArch.Domain\CleanArch.Domain.csproj", "{73530476-F89B-4573-B165-F4269F417870}"
EndProject
Project("{FAE04EC0-301F-11D3-BF4B-00C04F79EFBC}") = "CleanArch.Domain.Tests", "CleanArch.Domain.Tests\CleanArch.Domain.Tests.csproj", "{BD07A1D1-040D-4873-83D0-6C8EED553EB2}"
EndProject
Project("{FAE04EC0-301F-11D3-BF4B-00C04F79EFBC}") = "CleanArch.Application", "CleanArch.Application\CleanArch.Application.csproj", "{0F68770E-E088-4266-96D0-FF397903552C}"
EndProject
Project("{FAE04EC0-301F-11D3-BF4B-00C04F79EFBC}") = "CleanArch.Infra.Data", "CleanArch.Infra.Data\CleanArch.Infra.Data.csproj", "{EA22FA4C-4754-4719-B89D-A27FE7615815}"
EndProject
Project("{FAE04EC0-301F-11D3-BF4B-00C04F79EFBC}") = "CleanArch.Infra.IoC", "CleanArch.Infra.IoC\CleanArch.Infra.IoC.csproj", "{2BA6D267-B90A-4614-9146-169EAF74C4B6}"
EndProject
Project("{FAE04EC0-301F-11D3-BF4B-00C04F79EFBC}") = "CleanArch.WebUI", "CleanArch.WebUI\CleanArch.WebUI.csproj", "{595DAA66-E462-44AC-A1B0-A8708BF1C563}"
EndProject
Project("{FAE04EC0-301F-11D3-BF4B-00C04F79EFBC}") = "CleanArch.API", "CleanArch.API\CleanArch.API.csproj", "{19BF552E-28D0-4CB6-9AA2-F9B2124AFB71}"
EndProject
Global
	GlobalSection(SolutionConfigurationPlatforms) = preSolution
		Debug|Any CPU = Debug|Any CPU
		Release|Any CPU = Release|Any CPU
	EndGlobalSection
	GlobalSection(ProjectConfigurationPlatforms) = postSolution
		{73530476-F89B-4573-B165-F4269F417870}.Debug|Any CPU.ActiveCfg = Debug|Any CPU
		{73530476-F89B-4573-B165-F4269F417870}.Debug|Any CPU.Build.0 = Debug|Any CPU
		{73530476-F89B-4573-B165-F4269F417870}.Release|Any CPU.ActiveCfg = Release|Any CPU
		{73530476-F89B-4573-B165-F4269F417870}.Release|Any CPU.Build.0 = Release|Any CPU
		{BD07A1D1-040D-4873-83D0-6C8EED553EB2}.Debug|Any CPU.ActiveCfg = Debug|Any CPU
		{BD07A1D1-040D-4873-83D0-6C8EED553EB2}.Debug|Any CPU.Build.0 = Debug|Any CPU
		{BD07A1D1-040D-4873-83D0-6C8EED553EB2}.Release|Any CPU.ActiveCfg = Release|Any CPU
		{BD07A1D1-040D-4873-83D0-6C8EED553EB2}.Release|Any CPU.Build.0 = Release|Any CPU
		{0F68770E-E088-4266-96D0-FF397903552C}.Debug|Any CPU.ActiveCfg = Debug|Any CPU
		{0F68770E-E088-4266-96D0-FF397903552C}.Debug|Any CPU.Build.0 = Debug|Any CPU
		{0F68770E-E088-4266-96D0-FF397903552C}.Release|Any CPU.ActiveCfg = Release|Any CPU
		{0F68770E-E088-4266-96D0-FF397903552C}.Release|Any CPU.Build.0 = Release|Any CPU
		{EA22FA4C-4754-4719-B89D-A27FE7615815}.Debug|Any CPU.ActiveCfg = Debug|Any CPU
		{EA22FA4C-4754-4719-B89D-A27FE7615815}.Debug|Any CPU.Build.0 = Debug|Any CPU
		{EA22FA4C-4754-4719-B89D-A27FE7615815}.Release|Any CPU.ActiveCfg = Release|Any CPU
		{EA22FA4C-4754-4719-B89D-A27FE7615815}.Release|Any CPU.Build.0 = Release|Any CPU
		{2BA6D267-B90A-4614-9146-169EAF74C4B6}.Debug|Any CPU.ActiveCfg = Debug|Any CPU
		{2BA6D267-B90A-4614-9146-169EAF74C4B6}.Debug|Any CPU.Build.0 = Debug|Any CPU
		{2BA6D267-B90A-4614-9146-169EAF74C4B6}.Release|Any CPU.ActiveCfg = Release|Any CPU
		{2BA6D267-B90A-4614-9146-169EAF74C4B6}.Release|Any CPU.Build.0 = Release|Any CPU
		{595DAA66-E462-44AC-A1B0-A8708BF1C563}.Debug|Any CPU.ActiveCfg = Debug|Any CPU
		{595DAA66-E462-44AC-A1B0-A8708BF1C563}.Debug|Any CPU.Build.0 = Debug|Any CPU
		{595DAA66-E462-44AC-A1B0-A8708BF1C563}.Release|Any CPU.ActiveCfg = Release|Any CPU
		{595DAA66-E462-44AC-A1B0-A8708BF1C563}.Release|Any CPU.Build.0 = Release|Any CPU
		{19BF552E-28D0-4CB6-9AA2-F9B2124AFB71}.Debug|Any CPU.ActiveCfg = Debug|Any CPU
		{19BF552E-28D0-4CB6-9AA2-F9B2124AFB71}.Debug|Any CPU.Build.0 = Debug|Any CPU
		{19BF552E-28D0-4CB6-9AA2-F9B2124AFB71}.Release|Any CPU.ActiveCfg = Release|Any CPU
		{19BF552E-28D0-4CB6-9AA2-F9B2124AFB71}.Release|Any CPU.Build.0 = Release|Any CPU
	EndGlobalSection
	GlobalSection(SolutionProperties) = preSolution
		HideSolutionNode = FALSE
	EndGlobalSection
	GlobalSection(ExtensibilityGlobals) = postSolution
		SolutionGuid = {3E3F2A6C-D8E1-44E4-BBE9-4CFF83DDAC16}
	EndGlobalSection
EndGlobal
